// !$*UTF8*$!
{
	archiveVersion = 1;
	classes = {
	};
	objectVersion = 46;
	objects = {

/* Begin PBXBuildFile section */
		14AC1245EE774C14AD33D136 /* Pods_Hubble.framework in Frameworks */ = {isa = PBXBuildFile; fileRef = D8B24629153835DD3CD197B9 /* Pods_Hubble.framework */; };
		C5293CD81E7E34C90004A613 /* rotateView.swift in Sources */ = {isa = PBXBuildFile; fileRef = C5293CD71E7E34C90004A613 /* rotateView.swift */; };
		C5EB03921E7E216A00911C01 /* AppDelegate.swift in Sources */ = {isa = PBXBuildFile; fileRef = C5EB03911E7E216A00911C01 /* AppDelegate.swift */; };
		C5EB03971E7E216A00911C01 /* Main.storyboard in Resources */ = {isa = PBXBuildFile; fileRef = C5EB03951E7E216A00911C01 /* Main.storyboard */; };
		C5EB03991E7E216A00911C01 /* Assets.xcassets in Resources */ = {isa = PBXBuildFile; fileRef = C5EB03981E7E216A00911C01 /* Assets.xcassets */; };
		C5EB039C1E7E216A00911C01 /* LaunchScreen.storyboard in Resources */ = {isa = PBXBuildFile; fileRef = C5EB039A1E7E216A00911C01 /* LaunchScreen.storyboard */; };
		C5EB03A41E7E220900911C01 /* GoogleService-Info.plist in Resources */ = {isa = PBXBuildFile; fileRef = C5EB03A31E7E220900911C01 /* GoogleService-Info.plist */; };
		C5EB03A91E7E268F00911C01 /* LoginVC.swift in Sources */ = {isa = PBXBuildFile; fileRef = C5EB03A81E7E268F00911C01 /* LoginVC.swift */; };
		C5EB03AB1E7E271E00911C01 /* fieldShadow.swift in Sources */ = {isa = PBXBuildFile; fileRef = C5EB03AA1E7E271E00911C01 /* fieldShadow.swift */; };
		C5EB03AE1E7E277900911C01 /* constants.swift in Sources */ = {isa = PBXBuildFile; fileRef = C5EB03AD1E7E277900911C01 /* constants.swift */; };
		C5EB03B21E7E288B00911C01 /* DataServices.swift in Sources */ = {isa = PBXBuildFile; fileRef = C5EB03B11E7E288B00911C01 /* DataServices.swift */; };
		C5EB03B41E7E32AD00911C01 /* LoadVC.swift in Sources */ = {isa = PBXBuildFile; fileRef = C5EB03B31E7E32AD00911C01 /* LoadVC.swift */; };
/* End PBXBuildFile section */

/* Begin PBXFileReference section */
		00D0C2A2B9DFC4EB170866B7 /* Pods-Hubble.release.xcconfig */ = {isa = PBXFileReference; includeInIndex = 1; lastKnownFileType = text.xcconfig; name = "Pods-Hubble.release.xcconfig"; path = "Pods/Target Support Files/Pods-Hubble/Pods-Hubble.release.xcconfig"; sourceTree = "<group>"; };
		6BD33AC21CE68BC782E6D656 /* Pods-Hubble.debug.xcconfig */ = {isa = PBXFileReference; includeInIndex = 1; lastKnownFileType = text.xcconfig; name = "Pods-Hubble.debug.xcconfig"; path = "Pods/Target Support Files/Pods-Hubble/Pods-Hubble.debug.xcconfig"; sourceTree = "<group>"; };
		C5293CD71E7E34C90004A613 /* rotateView.swift */ = {isa = PBXFileReference; fileEncoding = 4; lastKnownFileType = sourcecode.swift; path = rotateView.swift; sourceTree = "<group>"; };
		C5EB038E1E7E216A00911C01 /* Hubble.app */ = {isa = PBXFileReference; explicitFileType = wrapper.application; includeInIndex = 0; path = Hubble.app; sourceTree = BUILT_PRODUCTS_DIR; };
		C5EB03911E7E216A00911C01 /* AppDelegate.swift */ = {isa = PBXFileReference; lastKnownFileType = sourcecode.swift; path = AppDelegate.swift; sourceTree = "<group>"; };
		C5EB03961E7E216A00911C01 /* Base */ = {isa = PBXFileReference; lastKnownFileType = file.storyboard; name = Base; path = Base.lproj/Main.storyboard; sourceTree = "<group>"; };
		C5EB03981E7E216A00911C01 /* Assets.xcassets */ = {isa = PBXFileReference; lastKnownFileType = folder.assetcatalog; path = Assets.xcassets; sourceTree = "<group>"; };
		C5EB039B1E7E216A00911C01 /* Base */ = {isa = PBXFileReference; lastKnownFileType = file.storyboard; name = Base; path = Base.lproj/LaunchScreen.storyboard; sourceTree = "<group>"; };
		C5EB039D1E7E216A00911C01 /* Info.plist */ = {isa = PBXFileReference; lastKnownFileType = text.plist.xml; path = Info.plist; sourceTree = "<group>"; };
		C5EB03A31E7E220900911C01 /* GoogleService-Info.plist */ = {isa = PBXFileReference; fileEncoding = 4; lastKnownFileType = text.plist.xml; path = "GoogleService-Info.plist"; sourceTree = "<group>"; };
		C5EB03A81E7E268F00911C01 /* LoginVC.swift */ = {isa = PBXFileReference; fileEncoding = 4; lastKnownFileType = sourcecode.swift; path = LoginVC.swift; sourceTree = "<group>"; };
		C5EB03AA1E7E271E00911C01 /* fieldShadow.swift */ = {isa = PBXFileReference; fileEncoding = 4; lastKnownFileType = sourcecode.swift; path = fieldShadow.swift; sourceTree = "<group>"; };
		C5EB03AD1E7E277900911C01 /* constants.swift */ = {isa = PBXFileReference; fileEncoding = 4; lastKnownFileType = sourcecode.swift; path = constants.swift; sourceTree = "<group>"; };
		C5EB03AF1E7E27A700911C01 /* Hubble.entitlements */ = {isa = PBXFileReference; lastKnownFileType = text.plist.entitlements; path = Hubble.entitlements; sourceTree = "<group>"; };
		C5EB03B11E7E288B00911C01 /* DataServices.swift */ = {isa = PBXFileReference; fileEncoding = 4; lastKnownFileType = sourcecode.swift; path = DataServices.swift; sourceTree = "<group>"; };
		C5EB03B31E7E32AD00911C01 /* LoadVC.swift */ = {isa = PBXFileReference; fileEncoding = 4; lastKnownFileType = sourcecode.swift; path = LoadVC.swift; sourceTree = "<group>"; };
		D8B24629153835DD3CD197B9 /* Pods_Hubble.framework */ = {isa = PBXFileReference; explicitFileType = wrapper.framework; includeInIndex = 0; path = Pods_Hubble.framework; sourceTree = BUILT_PRODUCTS_DIR; };
/* End PBXFileReference section */

/* Begin PBXFrameworksBuildPhase section */
		C5EB038B1E7E216A00911C01 /* Frameworks */ = {
			isa = PBXFrameworksBuildPhase;
			buildActionMask = 2147483647;
			files = (
				14AC1245EE774C14AD33D136 /* Pods_Hubble.framework in Frameworks */,
			);
			runOnlyForDeploymentPostprocessing = 0;
		};
/* End PBXFrameworksBuildPhase section */

/* Begin PBXGroup section */
		2F114FE3E0F3D82D720F86E7 /* Pods */ = {
			isa = PBXGroup;
			children = (
				6BD33AC21CE68BC782E6D656 /* Pods-Hubble.debug.xcconfig */,
				00D0C2A2B9DFC4EB170866B7 /* Pods-Hubble.release.xcconfig */,
			);
			name = Pods;
			sourceTree = "<group>";
		};
		9FC2A021AA597395CD84ED9D /* Frameworks */ = {
			isa = PBXGroup;
			children = (
				D8B24629153835DD3CD197B9 /* Pods_Hubble.framework */,
			);
			name = Frameworks;
			sourceTree = "<group>";
		};
		C5EB03851E7E216A00911C01 = {
			isa = PBXGroup;
			children = (
				C5EB03901E7E216A00911C01 /* Hubble */,
				C5EB038F1E7E216A00911C01 /* Products */,
				2F114FE3E0F3D82D720F86E7 /* Pods */,
				9FC2A021AA597395CD84ED9D /* Frameworks */,
			);
			sourceTree = "<group>";
		};
		C5EB038F1E7E216A00911C01 /* Products */ = {
			isa = PBXGroup;
			children = (
				C5EB038E1E7E216A00911C01 /* Hubble.app */,
			);
			name = Products;
			sourceTree = "<group>";
		};
		C5EB03901E7E216A00911C01 /* Hubble */ = {
			isa = PBXGroup;
			children = (
				C5EB03AF1E7E27A700911C01 /* Hubble.entitlements */,
				C5EB03B01E7E286E00911C01 /* Services */,
				C5EB03AC1E7E276C00911C01 /* Util */,
				C5EB03A71E7E267600911C01 /* Controller */,
				C5EB03A61E7E267100911C01 /* View */,
				C5EB03A51E7E266B00911C01 /* Model */,
				C5EB03911E7E216A00911C01 /* AppDelegate.swift */,
				C5EB03951E7E216A00911C01 /* Main.storyboard */,
				C5EB03981E7E216A00911C01 /* Assets.xcassets */,
				C5EB039A1E7E216A00911C01 /* LaunchScreen.storyboard */,
				C5EB039D1E7E216A00911C01 /* Info.plist */,
				C5EB03A31E7E220900911C01 /* GoogleService-Info.plist */,
			);
			path = Hubble;
			sourceTree = "<group>";
		};
		C5EB03A51E7E266B00911C01 /* Model */ = {
			isa = PBXGroup;
			children = (
			);
			name = Model;
			sourceTree = "<group>";
		};
		C5EB03A61E7E267100911C01 /* View */ = {
			isa = PBXGroup;
			children = (
				C5EB03AA1E7E271E00911C01 /* fieldShadow.swift */,
				C5293CD71E7E34C90004A613 /* rotateView.swift */,
			);
			name = View;
			sourceTree = "<group>";
		};
		C5EB03A71E7E267600911C01 /* Controller */ = {
			isa = PBXGroup;
			children = (
				C5EB03A81E7E268F00911C01 /* LoginVC.swift */,
				C5EB03B31E7E32AD00911C01 /* LoadVC.swift */,
			);
			name = Controller;
			sourceTree = "<group>";
		};
		C5EB03AC1E7E276C00911C01 /* Util */ = {
			isa = PBXGroup;
			children = (
				C5EB03AD1E7E277900911C01 /* constants.swift */,
			);
			name = Util;
			sourceTree = "<group>";
		};
		C5EB03B01E7E286E00911C01 /* Services */ = {
			isa = PBXGroup;
			children = (
				C5EB03B11E7E288B00911C01 /* DataServices.swift */,
			);
			name = Services;
			sourceTree = "<group>";
		};
/* End PBXGroup section */

/* Begin PBXNativeTarget section */
		C5EB038D1E7E216A00911C01 /* Hubble */ = {
			isa = PBXNativeTarget;
			buildConfigurationList = C5EB03A01E7E216A00911C01 /* Build configuration list for PBXNativeTarget "Hubble" */;
			buildPhases = (
				E223A1BAD2AFCAEF0FEFAA41 /* [CP] Check Pods Manifest.lock */,
				C5EB038A1E7E216A00911C01 /* Sources */,
				C5EB038B1E7E216A00911C01 /* Frameworks */,
				C5EB038C1E7E216A00911C01 /* Resources */,
				C49CD2A706397A19F414BC52 /* [CP] Embed Pods Frameworks */,
				D54A5F02A44642FEFF73D295 /* [CP] Copy Pods Resources */,
			);
			buildRules = (
			);
			dependencies = (
			);
			name = Hubble;
			productName = Hubble;
			productReference = C5EB038E1E7E216A00911C01 /* Hubble.app */;
			productType = "com.apple.product-type.application";
		};
/* End PBXNativeTarget section */

/* Begin PBXProject section */
		C5EB03861E7E216A00911C01 /* Project object */ = {
			isa = PBXProject;
			attributes = {
				LastSwiftUpdateCheck = 0820;
				LastUpgradeCheck = 0820;
				ORGANIZATIONNAME = MonApp;
				TargetAttributes = {
					C5EB038D1E7E216A00911C01 = {
						CreatedOnToolsVersion = 8.2.1;
						DevelopmentTeam = 3PG9YTX9TD;
						ProvisioningStyle = Automatic;
						SystemCapabilities = {
							com.apple.Keychain = {
								enabled = 1;
							};
						};
					};
				};
			};
			buildConfigurationList = C5EB03891E7E216A00911C01 /* Build configuration list for PBXProject "Hubble" */;
			compatibilityVersion = "Xcode 3.2";
			developmentRegion = English;
			hasScannedForEncodings = 0;
			knownRegions = (
				en,
				Base,
			);
			mainGroup = C5EB03851E7E216A00911C01;
			productRefGroup = C5EB038F1E7E216A00911C01 /* Products */;
			projectDirPath = "";
			projectRoot = "";
			targets = (
				C5EB038D1E7E216A00911C01 /* Hubble */,
			);
		};
/* End PBXProject section */

/* Begin PBXResourcesBuildPhase section */
		C5EB038C1E7E216A00911C01 /* Resources */ = {
			isa = PBXResourcesBuildPhase;
			buildActionMask = 2147483647;
			files = (
				C5EB039C1E7E216A00911C01 /* LaunchScreen.storyboard in Resources */,
				C5EB03991E7E216A00911C01 /* Assets.xcassets in Resources */,
				C5EB03A41E7E220900911C01 /* GoogleService-Info.plist in Resources */,
				C5EB03971E7E216A00911C01 /* Main.storyboard in Resources */,
			);
			runOnlyForDeploymentPostprocessing = 0;
		};
/* End PBXResourcesBuildPhase section */

/* Begin PBXShellScriptBuildPhase section */
		C49CD2A706397A19F414BC52 /* [CP] Embed Pods Frameworks */ = {
			isa = PBXShellScriptBuildPhase;
			buildActionMask = 2147483647;
			files = (
			);
			inputPaths = (
			);
			name = "[CP] Embed Pods Frameworks";
			outputPaths = (
			);
			runOnlyForDeploymentPostprocessing = 0;
			shellPath = /bin/sh;
			shellScript = "\"${SRCROOT}/Pods/Target Support Files/Pods-Hubble/Pods-Hubble-frameworks.sh\"\n";
			showEnvVarsInLog = 0;
		};
		D54A5F02A44642FEFF73D295 /* [CP] Copy Pods Resources */ = {
			isa = PBXShellScriptBuildPhase;
			buildActionMask = 2147483647;
			files = (
			);
			inputPaths = (
			);
			name = "[CP] Copy Pods Resources";
			outputPaths = (
			);
			runOnlyForDeploymentPostprocessing = 0;
			shellPath = /bin/sh;
			shellScript = "\"${SRCROOT}/Pods/Target Support Files/Pods-Hubble/Pods-Hubble-resources.sh\"\n";
			showEnvVarsInLog = 0;
		};
		E223A1BAD2AFCAEF0FEFAA41 /* [CP] Check Pods Manifest.lock */ = {
			isa = PBXShellScriptBuildPhase;
			buildActionMask = 2147483647;
			files = (
			);
			inputPaths = (
			);
			name = "[CP] Check Pods Manifest.lock";
			outputPaths = (
			);
			runOnlyForDeploymentPostprocessing = 0;
			shellPath = /bin/sh;
			shellScript = "diff \"${PODS_ROOT}/../Podfile.lock\" \"${PODS_ROOT}/Manifest.lock\" > /dev/null\nif [ $? != 0 ] ; then\n    # print error to STDERR\n    echo \"error: The sandbox is not in sync with the Podfile.lock. Run 'pod install' or update your CocoaPods installation.\" >&2\n    exit 1\nfi\n";
			showEnvVarsInLog = 0;
		};
/* End PBXShellScriptBuildPhase section */

/* Begin PBXSourcesBuildPhase section */
		C5EB038A1E7E216A00911C01 /* Sources */ = {
			isa = PBXSourcesBuildPhase;
			buildActionMask = 2147483647;
			files = (
				C5EB03B21E7E288B00911C01 /* DataServices.swift in Sources */,
				C5293CD81E7E34C90004A613 /* rotateView.swift in Sources */,
				C5EB03A91E7E268F00911C01 /* LoginVC.swift in Sources */,
				C5EB03B41E7E32AD00911C01 /* LoadVC.swift in Sources */,
				C5EB03AB1E7E271E00911C01 /* fieldShadow.swift in Sources */,
				C5EB03921E7E216A00911C01 /* AppDelegate.swift in Sources */,
				C5EB03AE1E7E277900911C01 /* constants.swift in Sources */,
			);
			runOnlyForDeploymentPostprocessing = 0;
		};
/* End PBXSourcesBuildPhase section */

/* Begin PBXVariantGroup section */
		C5EB03951E7E216A00911C01 /* Main.storyboard */ = {
			isa = PBXVariantGroup;
			children = (
				C5EB03961E7E216A00911C01 /* Base */,
			);
			name = Main.storyboard;
			sourceTree = "<group>";
		};
		C5EB039A1E7E216A00911C01 /* LaunchScreen.storyboard */ = {
			isa = PBXVariantGroup;
			children = (
				C5EB039B1E7E216A00911C01 /* Base */,
			);
			name = LaunchScreen.storyboard;
			sourceTree = "<group>";
		};
/* End PBXVariantGroup section */

/* Begin XCBuildConfiguration section */
		C5EB039E1E7E216A00911C01 /* Debug */ = {
			isa = XCBuildConfiguration;
			buildSettings = {
				ALWAYS_SEARCH_USER_PATHS = NO;
				CLANG_ANALYZER_NONNULL = YES;
				CLANG_CXX_LANGUAGE_STANDARD = "gnu++0x";
				CLANG_CXX_LIBRARY = "libc++";
				CLANG_ENABLE_MODULES = YES;
				CLANG_ENABLE_OBJC_ARC = YES;
				CLANG_WARN_BOOL_CONVERSION = YES;
				CLANG_WARN_CONSTANT_CONVERSION = YES;
				CLANG_WARN_DIRECT_OBJC_ISA_USAGE = YES_ERROR;
				CLANG_WARN_DOCUMENTATION_COMMENTS = YES;
				CLANG_WARN_EMPTY_BODY = YES;
				CLANG_WARN_ENUM_CONVERSION = YES;
				CLANG_WARN_INFINITE_RECURSION = YES;
				CLANG_WARN_INT_CONVERSION = YES;
				CLANG_WARN_OBJC_ROOT_CLASS = YES_ERROR;
				CLANG_WARN_SUSPICIOUS_MOVE = YES;
				CLANG_WARN_UNREACHABLE_CODE = YES;
				CLANG_WARN__DUPLICATE_METHOD_MATCH = YES;
				"CODE_SIGN_IDENTITY[sdk=iphoneos*]" = "iPhone Developer";
				COPY_PHASE_STRIP = NO;
				DEBUG_INFORMATION_FORMAT = dwarf;
				ENABLE_STRICT_OBJC_MSGSEND = YES;
				ENABLE_TESTABILITY = YES;
				GCC_C_LANGUAGE_STANDARD = gnu99;
				GCC_DYNAMIC_NO_PIC = NO;
				GCC_NO_COMMON_BLOCKS = YES;
				GCC_OPTIMIZATION_LEVEL = 0;
				GCC_PREPROCESSOR_DEFINITIONS = (
					"DEBUG=1",
					"$(inherited)",
				);
				GCC_WARN_64_TO_32_BIT_CONVERSION = YES;
				GCC_WARN_ABOUT_RETURN_TYPE = YES_ERROR;
				GCC_WARN_UNDECLARED_SELECTOR = YES;
				GCC_WARN_UNINITIALIZED_AUTOS = YES_AGGRESSIVE;
				GCC_WARN_UNUSED_FUNCTION = YES;
				GCC_WARN_UNUSED_VARIABLE = YES;
				IPHONEOS_DEPLOYMENT_TARGET = 10.2;
				MTL_ENABLE_DEBUG_INFO = YES;
				ONLY_ACTIVE_ARCH = YES;
				SDKROOT = iphoneos;
				SWIFT_ACTIVE_COMPILATION_CONDITIONS = DEBUG;
				SWIFT_OPTIMIZATION_LEVEL = "-Onone";
				TARGETED_DEVICE_FAMILY = "1,2";
			};
			name = Debug;
		};
		C5EB039F1E7E216A00911C01 /* Release */ = {
			isa = XCBuildConfiguration;
			buildSettings = {
				ALWAYS_SEARCH_USER_PATHS = NO;
				CLANG_ANALYZER_NONNULL = YES;
				CLANG_CXX_LANGUAGE_STANDARD = "gnu++0x";
				CLANG_CXX_LIBRARY = "libc++";
				CLANG_ENABLE_MODULES = YES;
				CLANG_ENABLE_OBJC_ARC = YES;
				CLANG_WARN_BOOL_CONVERSION = YES;
				CLANG_WARN_CONSTANT_CONVERSION = YES;
				CLANG_WARN_DIRECT_OBJC_ISA_USAGE = YES_ERROR;
				CLANG_WARN_DOCUMENTATION_COMMENTS = YES;
				CLANG_WARN_EMPTY_BODY = YES;
				CLANG_WARN_ENUM_CONVERSION = YES;
				CLANG_WARN_INFINITE_RECURSION = YES;
				CLANG_WARN_INT_CONVERSION = YES;
				CLANG_WARN_OBJC_ROOT_CLASS = YES_ERROR;
				CLANG_WARN_SUSPICIOUS_MOVE = YES;
				CLANG_WARN_UNREACHABLE_CODE = YES;
				CLANG_WARN__DUPLICATE_METHOD_MATCH = YES;
				"CODE_SIGN_IDENTITY[sdk=iphoneos*]" = "iPhone Developer";
				COPY_PHASE_STRIP = NO;
				DEBUG_INFORMATION_FORMAT = "dwarf-with-dsym";
				ENABLE_NS_ASSERTIONS = NO;
				ENABLE_STRICT_OBJC_MSGSEND = YES;
				GCC_C_LANGUAGE_STANDARD = gnu99;
				GCC_NO_COMMON_BLOCKS = YES;
				GCC_WARN_64_TO_32_BIT_CONVERSION = YES;
				GCC_WARN_ABOUT_RETURN_TYPE = YES_ERROR;
				GCC_WARN_UNDECLARED_SELECTOR = YES;
				GCC_WARN_UNINITIALIZED_AUTOS = YES_AGGRESSIVE;
				GCC_WARN_UNUSED_FUNCTION = YES;
				GCC_WARN_UNUSED_VARIABLE = YES;
				IPHONEOS_DEPLOYMENT_TARGET = 10.2;
				MTL_ENABLE_DEBUG_INFO = NO;
				SDKROOT = iphoneos;
				SWIFT_OPTIMIZATION_LEVEL = "-Owholemodule";
				TARGETED_DEVICE_FAMILY = "1,2";
				VALIDATE_PRODUCT = YES;
			};
			name = Release;
		};
		C5EB03A11E7E216A00911C01 /* Debug */ = {
			isa = XCBuildConfiguration;
			baseConfigurationReference = 6BD33AC21CE68BC782E6D656 /* Pods-Hubble.debug.xcconfig */;
			buildSettings = {
				ASSETCATALOG_COMPILER_APPICON_NAME = AppIcon;
				CODE_SIGN_ENTITLEMENTS = Hubble/Hubble.entitlements;
				DEVELOPMENT_TEAM = 3PG9YTX9TD;
				INFOPLIST_FILE = Hubble/Info.plist;
				LD_RUNPATH_SEARCH_PATHS = "$(inherited) @executable_path/Frameworks";
				PRODUCT_BUNDLE_IDENTIFIER = com.MonApp.Hubble;
				PRODUCT_NAME = "$(TARGET_NAME)";
				SWIFT_VERSION = 3.0;
			};
			name = Debug;
		};
		C5EB03A21E7E216A00911C01 /* Release */ = {
			isa = XCBuildConfiguration;
			baseConfigurationReference = 00D0C2A2B9DFC4EB170866B7 /* Pods-Hubble.release.xcconfig */;
			buildSettings = {
				ASSETCATALOG_COMPILER_APPICON_NAME = AppIcon;
				CODE_SIGN_ENTITLEMENTS = Hubble/Hubble.entitlements;
				DEVELOPMENT_TEAM = 3PG9YTX9TD;
				INFOPLIST_FILE = Hubble/Info.plist;
				LD_RUNPATH_SEARCH_PATHS = "$(inherited) @executable_path/Frameworks";
				PRODUCT_BUNDLE_IDENTIFIER = com.MonApp.Hubble;
				PRODUCT_NAME = "$(TARGET_NAME)";
				SWIFT_VERSION = 3.0;
			};
			name = Release;
		};
/* End XCBuildConfiguration section */

/* Begin XCConfigurationList section */
		C5EB03891E7E216A00911C01 /* Build configuration list for PBXProject "Hubble" */ = {
			isa = XCConfigurationList;
			buildConfigurations = (
				C5EB039E1E7E216A00911C01 /* Debug */,
				C5EB039F1E7E216A00911C01 /* Release */,
			);
			defaultConfigurationIsVisible = 0;
			defaultConfigurationName = Release;
		};
		C5EB03A01E7E216A00911C01 /* Build configuration list for PBXNativeTarget "Hubble" */ = {
			isa = XCConfigurationList;
			buildConfigurations = (
				C5EB03A11E7E216A00911C01 /* Debug */,
				C5EB03A21E7E216A00911C01 /* Release */,
			);
			defaultConfigurationIsVisible = 0;
			defaultConfigurationName = Release;
		};
/* End XCConfigurationList section */
	};
	rootObject = C5EB03861E7E216A00911C01 /* Project object */;
}
